
Microsoft Visual Studio Solution File, Format Version 12.00
# Visual Studio 15
VisualStudioVersion = 15.0.28010.2036
MinimumVisualStudioVersion = 10.0.40219.1
Project("{9A19103F-16F7-4668-BE54-9A1E7A4F7556}") = "RpgDiceRollerCore", "RpgDiceRollerCore\RpgDiceRollerCore.csproj", "{F9165AD0-DBA7-480C-A5A9-8AD929E50E04}"
EndProject
Project("{9A19103F-16F7-4668-BE54-9A1E7A4F7556}") = "ExpressionParserCore", "ExpressionParserCore\ExpressionParserCore.csproj", "{082E4495-4C44-4B1D-8396-DAE22D112F3B}"
EndProject
Global
	GlobalSection(SolutionConfigurationPlatforms) = preSolution
		Debug|Any CPU = Debug|Any CPU
		Release|Any CPU = Release|Any CPU
	EndGlobalSection
	GlobalSection(ProjectConfigurationPlatforms) = postSolution
		{F9165AD0-DBA7-480C-A5A9-8AD929E50E04}.Debug|Any CPU.ActiveCfg = Debug|Any CPU
		{F9165AD0-DBA7-480C-A5A9-8AD929E50E04}.Debug|Any CPU.Build.0 = Debug|Any CPU
		{F9165AD0-DBA7-480C-A5A9-8AD929E50E04}.Release|Any CPU.ActiveCfg = Release|Any CPU
		{F9165AD0-DBA7-480C-A5A9-8AD929E50E04}.Release|Any CPU.Build.0 = Release|Any CPU
		{082E4495-4C44-4B1D-8396-DAE22D112F3B}.Debug|Any CPU.ActiveCfg = Debug|Any CPU
		{082E4495-4C44-4B1D-8396-DAE22D112F3B}.Debug|Any CPU.Build.0 = Debug|Any CPU
		{082E4495-4C44-4B1D-8396-DAE22D112F3B}.Release|Any CPU.ActiveCfg = Release|Any CPU
		{082E4495-4C44-4B1D-8396-DAE22D112F3B}.Release|Any CPU.Build.0 = Release|Any CPU
	EndGlobalSection
	GlobalSection(SolutionProperties) = preSolution
		HideSolutionNode = FALSE
	EndGlobalSection
	GlobalSection(ExtensibilityGlobals) = postSolution
		SolutionGuid = {B8902F04-BECB-463F-8E03-E2F4875FE962}
	EndGlobalSection
EndGlobal
